{
  "requires": true,
  "lockfileVersion": 1,
  "dependencies": {
    "ttab": {
      "version": "0.6.1",
      "resolved": "https://registry.npmjs.org/ttab/-/ttab-0.6.1.tgz",
      "integrity": "sha512-9JvkYlhFMrmrgINQUn5ZJqVVtH+BDpGeFrDhlAaiR0/NgB4TfwU9gNv5Vwuel7gWs8wohEmwWiJuWPtV0swwyw=="
    }
  }
}
